
Microsoft Visual Studio Solution File, Format Version 12.00
# Visual Studio Version 16
VisualStudioVersion = 16.0.29806.167
MinimumVisualStudioVersion = 10.0.40219.1
Project("{FAE04EC0-301F-11D3-BF4B-00C04F79EFBC}") = "Rocket League Map Loader", "Rocket League Map Loader\Rocket League Map Loader.csproj", "{F1C78266-D89C-458B-80FE-C6FF6C718147}"
EndProject
Project("{FAE04EC0-301F-11D3-BF4B-00C04F79EFBC}") = "Rocket League Map Loader Updater", "Rocket League Map Loader Updater\Rocket League Map Loader Updater.csproj", "{4C9E7524-35C8-4372-BC73-496F4CA9DBDE}"
EndProject
Global
	GlobalSection(SolutionConfigurationPlatforms) = preSolution
		Debug|Any CPU = Debug|Any CPU
		Release|Any CPU = Release|Any CPU
	EndGlobalSection
	GlobalSection(ProjectConfigurationPlatforms) = postSolution
		{F1C78266-D89C-458B-80FE-C6FF6C718147}.Debug|Any CPU.ActiveCfg = Debug|Any CPU
		{F1C78266-D89C-458B-80FE-C6FF6C718147}.Debug|Any CPU.Build.0 = Debug|Any CPU
		{F1C78266-D89C-458B-80FE-C6FF6C718147}.Release|Any CPU.ActiveCfg = Release|Any CPU
		{F1C78266-D89C-458B-80FE-C6FF6C718147}.Release|Any CPU.Build.0 = Release|Any CPU
		{4C9E7524-35C8-4372-BC73-496F4CA9DBDE}.Debug|Any CPU.ActiveCfg = Debug|Any CPU
		{4C9E7524-35C8-4372-BC73-496F4CA9DBDE}.Debug|Any CPU.Build.0 = Debug|Any CPU
		{4C9E7524-35C8-4372-BC73-496F4CA9DBDE}.Release|Any CPU.ActiveCfg = Release|Any CPU
		{4C9E7524-35C8-4372-BC73-496F4CA9DBDE}.Release|Any CPU.Build.0 = Release|Any CPU
	EndGlobalSection
	GlobalSection(SolutionProperties) = preSolution
		HideSolutionNode = FALSE
	EndGlobalSection
	GlobalSection(ExtensibilityGlobals) = postSolution
		SolutionGuid = {971013AE-9B75-4654-98E4-FD459E893AD0}
	EndGlobalSection
EndGlobal
