
Microsoft Visual Studio Solution File, Format Version 12.00
# Visual Studio Version 16
VisualStudioVersion = 16.0.29806.167
MinimumVisualStudioVersion = 10.0.40219.1
Project("{FAE04EC0-301F-11D3-BF4B-00C04F79EFBC}") = "UPK File Extractor", "UPK File Extractor\UPK File Extractor.csproj", "{57D3F9B6-B580-4F1B-90E4-289803457515}"
EndProject
Global
	GlobalSection(SolutionConfigurationPlatforms) = preSolution
		Debug|Any CPU = Debug|Any CPU
		Release|Any CPU = Release|Any CPU
	EndGlobalSection
	GlobalSection(ProjectConfigurationPlatforms) = postSolution
		{57D3F9B6-B580-4F1B-90E4-289803457515}.Debug|Any CPU.ActiveCfg = Debug|Any CPU
		{57D3F9B6-B580-4F1B-90E4-289803457515}.Debug|Any CPU.Build.0 = Debug|Any CPU
		{57D3F9B6-B580-4F1B-90E4-289803457515}.Release|Any CPU.ActiveCfg = Release|Any CPU
		{57D3F9B6-B580-4F1B-90E4-289803457515}.Release|Any CPU.Build.0 = Release|Any CPU
	EndGlobalSection
	GlobalSection(SolutionProperties) = preSolution
		HideSolutionNode = FALSE
	EndGlobalSection
	GlobalSection(ExtensibilityGlobals) = postSolution
		SolutionGuid = {0D0D42EF-35DF-479E-91F4-3B76FD8E6A32}
	EndGlobalSection
EndGlobal
